// !$*UTF8*$!
{
	archiveVersion = 1;
	classes = {
	};
	objectVersion = 50;
	objects = {

/* Begin PBXBuildFile section */
		A10653972702ABF100C11105 /* LandmarksProjectApp.swift in Sources */ = {isa = PBXBuildFile; fileRef = A10653962702ABF100C11105 /* LandmarksProjectApp.swift */; };
		A10653992702ABF100C11105 /* DetailsView.swift in Sources */ = {isa = PBXBuildFile; fileRef = A10653982702ABF100C11105 /* DetailsView.swift */; };
		A106539B2702ABF500C11105 /* Assets.xcassets in Resources */ = {isa = PBXBuildFile; fileRef = A106539A2702ABF500C11105 /* Assets.xcassets */; };
		A106539E2702ABF500C11105 /* Preview Assets.xcassets in Resources */ = {isa = PBXBuildFile; fileRef = A106539D2702ABF500C11105 /* Preview Assets.xcassets */; };
		A1834D8F2703AAE600C27EAF /* LandmarkModels.swift in Sources */ = {isa = PBXBuildFile; fileRef = A1834D8E2703AAE600C27EAF /* LandmarkModels.swift */; };
		A1834D912703CC0700C27EAF /* MapView.swift in Sources */ = {isa = PBXBuildFile; fileRef = A1834D902703CC0700C27EAF /* MapView.swift */; };
		A1834D932703EA7300C27EAF /* CircleImageView.swift in Sources */ = {isa = PBXBuildFile; fileRef = A1834D922703EA7300C27EAF /* CircleImageView.swift */; };
/* End PBXBuildFile section */

/* Begin PBXFileReference section */
		A10653932702ABF100C11105 /* LandmarksProject.app */ = {isa = PBXFileReference; explicitFileType = wrapper.application; includeInIndex = 0; path = LandmarksProject.app; sourceTree = BUILT_PRODUCTS_DIR; };
		A10653962702ABF100C11105 /* LandmarksProjectApp.swift */ = {isa = PBXFileReference; lastKnownFileType = sourcecode.swift; path = LandmarksProjectApp.swift; sourceTree = "<group>"; };
		A10653982702ABF100C11105 /* DetailsView.swift */ = {isa = PBXFileReference; lastKnownFileType = sourcecode.swift; path = DetailsView.swift; sourceTree = "<group>"; };
		A106539A2702ABF500C11105 /* Assets.xcassets */ = {isa = PBXFileReference; lastKnownFileType = folder.assetcatalog; path = Assets.xcassets; sourceTree = "<group>"; };
		A106539D2702ABF500C11105 /* Preview Assets.xcassets */ = {isa = PBXFileReference; lastKnownFileType = folder.assetcatalog; path = "Preview Assets.xcassets"; sourceTree = "<group>"; };
		A106539F2702ABF500C11105 /* Info.plist */ = {isa = PBXFileReference; lastKnownFileType = text.plist.xml; path = Info.plist; sourceTree = "<group>"; };
		A1834D8E2703AAE600C27EAF /* LandmarkModels.swift */ = {isa = PBXFileReference; lastKnownFileType = sourcecode.swift; path = LandmarkModels.swift; sourceTree = "<group>"; };
		A1834D902703CC0700C27EAF /* MapView.swift */ = {isa = PBXFileReference; lastKnownFileType = sourcecode.swift; path = MapView.swift; sourceTree = "<group>"; };
		A1834D922703EA7300C27EAF /* CircleImageView.swift */ = {isa = PBXFileReference; lastKnownFileType = sourcecode.swift; path = CircleImageView.swift; sourceTree = "<group>"; };
/* End PBXFileReference section */

/* Begin PBXFrameworksBuildPhase section */
		A10653902702ABF100C11105 /* Frameworks */ = {
			isa = PBXFrameworksBuildPhase;
			buildActionMask = 2147483647;
			files = (
			);
			runOnlyForDeploymentPostprocessing = 0;
		};
/* End PBXFrameworksBuildPhase section */

/* Begin PBXGroup section */
		A106538A2702ABF100C11105 = {
			isa = PBXGroup;
			children = (
				A10653952702ABF100C11105 /* LandmarksProject */,
				A10653942702ABF100C11105 /* Products */,
			);
			sourceTree = "<group>";
		};
		A10653942702ABF100C11105 /* Products */ = {
			isa = PBXGroup;
			children = (
				A10653932702ABF100C11105 /* LandmarksProject.app */,
			);
			name = Products;
			sourceTree = "<group>";
		};
		A10653952702ABF100C11105 /* LandmarksProject */ = {
			isa = PBXGroup;
			children = (
				A10653962702ABF100C11105 /* LandmarksProjectApp.swift */,
				A10653982702ABF100C11105 /* DetailsView.swift */,
				A1834D922703EA7300C27EAF /* CircleImageView.swift */,
				A1834D8E2703AAE600C27EAF /* LandmarkModels.swift */,
				A1834D902703CC0700C27EAF /* MapView.swift */,
				A106539A2702ABF500C11105 /* Assets.xcassets */,
				A106539F2702ABF500C11105 /* Info.plist */,
				A106539C2702ABF500C11105 /* Preview Content */,
			);
			path = LandmarksProject;
			sourceTree = "<group>";
		};
		A106539C2702ABF500C11105 /* Preview Content */ = {
			isa = PBXGroup;
			children = (
				A106539D2702ABF500C11105 /* Preview Assets.xcassets */,
			);
			path = "Preview Content";
			sourceTree = "<group>";
		};
/* End PBXGroup section */

/* Begin PBXNativeTarget section */
		A10653922702ABF100C11105 /* LandmarksProject */ = {
			isa = PBXNativeTarget;
			buildConfigurationList = A10653A22702ABF500C11105 /* Build configuration list for PBXNativeTarget "LandmarksProject" */;
			buildPhases = (
				A106538F2702ABF100C11105 /* Sources */,
				A10653902702ABF100C11105 /* Frameworks */,
				A10653912702ABF100C11105 /* Resources */,
			);
			buildRules = (
			);
			dependencies = (
			);
			name = LandmarksProject;
			productName = LandmarksProject;
			productReference = A10653932702ABF100C11105 /* LandmarksProject.app */;
			productType = "com.apple.product-type.application";
		};
/* End PBXNativeTarget section */

/* Begin PBXProject section */
		A106538B2702ABF100C11105 /* Project object */ = {
			isa = PBXProject;
			attributes = {
				LastSwiftUpdateCheck = 1250;
				LastUpgradeCheck = 1250;
				TargetAttributes = {
					A10653922702ABF100C11105 = {
						CreatedOnToolsVersion = 12.5.1;
					};
				};
			};
			buildConfigurationList = A106538E2702ABF100C11105 /* Build configuration list for PBXProject "LandmarksProject" */;
			compatibilityVersion = "Xcode 9.3";
			developmentRegion = en;
			hasScannedForEncodings = 0;
			knownRegions = (
				en,
				Base,
			);
			mainGroup = A106538A2702ABF100C11105;
			productRefGroup = A10653942702ABF100C11105 /* Products */;
			projectDirPath = "";
			projectRoot = "";
			targets = (
				A10653922702ABF100C11105 /* LandmarksProject */,
			);
		};
/* End PBXProject section */

/* Begin PBXResourcesBuildPhase section */
		A10653912702ABF100C11105 /* Resources */ = {
			isa = PBXResourcesBuildPhase;
			buildActionMask = 2147483647;
			files = (
				A106539E2702ABF500C11105 /* Preview Assets.xcassets in Resources */,
				A106539B2702ABF500C11105 /* Assets.xcassets in Resources */,
			);
			runOnlyForDeploymentPostprocessing = 0;
		};
/* End PBXResourcesBuildPhase section */

/* Begin PBXSourcesBuildPhase section */
		A106538F2702ABF100C11105 /* Sources */ = {
			isa = PBXSourcesBuildPhase;
			buildActionMask = 2147483647;
			files = (
				A1834D8F2703AAE600C27EAF /* LandmarkModels.swift in Sources */,
				A1834D912703CC0700C27EAF /* MapView.swift in Sources */,
				A10653992702ABF100C11105 /* DetailsView.swift in Sources */,
				A1834D932703EA7300C27EAF /* CircleImageView.swift in Sources */,
				A10653972702ABF100C11105 /* LandmarksProjectApp.swift in Sources */,
			);
			runOnlyForDeploymentPostprocessing = 0;
		};
/* End PBXSourcesBuildPhase section */

/* Begin XCBuildConfiguration section */
		A10653A02702ABF500C11105 /* Debug */ = {
			isa = XCBuildConfiguration;
			buildSettings = {
				ALWAYS_SEARCH_USER_PATHS = NO;
				CLANG_ANALYZER_NONNULL = YES;
				CLANG_ANALYZER_NUMBER_OBJECT_CONVERSION = YES_AGGRESSIVE;
				CLANG_CXX_LANGUAGE_STANDARD = "gnu++14";
				CLANG_CXX_LIBRARY = "libc++";
				CLANG_ENABLE_MODULES = YES;
				CLANG_ENABLE_OBJC_ARC = YES;
				CLANG_ENABLE_OBJC_WEAK = YES;
				CLANG_WARN_BLOCK_CAPTURE_AUTORELEASING = YES;
				CLANG_WARN_BOOL_CONVERSION = YES;
				CLANG_WARN_COMMA = YES;
				CLANG_WARN_CONSTANT_CONVERSION = YES;
				CLANG_WARN_DEPRECATED_OBJC_IMPLEMENTATIONS = YES;
				CLANG_WARN_DIRECT_OBJC_ISA_USAGE = YES_ERROR;
				CLANG_WARN_DOCUMENTATION_COMMENTS = YES;
				CLANG_WARN_EMPTY_BODY = YES;
				CLANG_WARN_ENUM_CONVERSION = YES;
				CLANG_WARN_INFINITE_RECURSION = YES;
				CLANG_WARN_INT_CONVERSION = YES;
				CLANG_WARN_NON_LITERAL_NULL_CONVERSION = YES;
				CLANG_WARN_OBJC_IMPLICIT_RETAIN_SELF = YES;
				CLANG_WARN_OBJC_LITERAL_CONVERSION = YES;
				CLANG_WARN_OBJC_ROOT_CLASS = YES_ERROR;
				CLANG_WARN_QUOTED_INCLUDE_IN_FRAMEWORK_HEADER = YES;
				CLANG_WARN_RANGE_LOOP_ANALYSIS = YES;
				CLANG_WARN_STRICT_PROTOTYPES = YES;
				CLANG_WARN_SUSPICIOUS_MOVE = YES;
				CLANG_WARN_UNGUARDED_AVAILABILITY = YES_AGGRESSIVE;
				CLANG_WARN_UNREACHABLE_CODE = YES;
				CLANG_WARN__DUPLICATE_METHOD_MATCH = YES;
				COPY_PHASE_STRIP = NO;
				DEBUG_INFORMATION_FORMAT = dwarf;
				ENABLE_STRICT_OBJC_MSGSEND = YES;
				ENABLE_TESTABILITY = YES;
				GCC_C_LANGUAGE_STANDARD = gnu11;
				GCC_DYNAMIC_NO_PIC = NO;
				GCC_NO_COMMON_BLOCKS = YES;
				GCC_OPTIMIZATION_LEVEL = 0;
				GCC_PREPROCESSOR_DEFINITIONS = (
					"DEBUG=1",
					"$(inherited)",
				);
				GCC_WARN_64_TO_32_BIT_CONVERSION = YES;
				GCC_WARN_ABOUT_RETURN_TYPE = YES_ERROR;
				GCC_WARN_UNDECLARED_SELECTOR = YES;
				GCC_WARN_UNINITIALIZED_AUTOS = YES_AGGRESSIVE;
				GCC_WARN_UNUSED_FUNCTION = YES;
				GCC_WARN_UNUSED_VARIABLE = YES;
				IPHONEOS_DEPLOYMENT_TARGET = 14.5;
				MTL_ENABLE_DEBUG_INFO = INCLUDE_SOURCE;
				MTL_FAST_MATH = YES;
				ONLY_ACTIVE_ARCH = YES;
				SDKROOT = iphoneos;
				SWIFT_ACTIVE_COMPILATION_CONDITIONS = DEBUG;
				SWIFT_OPTIMIZATION_LEVEL = "-Onone";
			};
			name = Debug;
		};
		A10653A12702ABF500C11105 /* Release */ = {
			isa = XCBuildConfiguration;
			buildSettings = {
				ALWAYS_SEARCH_USER_PATHS = NO;
				CLANG_ANALYZER_NONNULL = YES;
				CLANG_ANALYZER_NUMBER_OBJECT_CONVERSION = YES_AGGRESSIVE;
				CLANG_CXX_LANGUAGE_STANDARD = "gnu++14";
				CLANG_CXX_LIBRARY = "libc++";
				CLANG_ENABLE_MODULES = YES;
				CLANG_ENABLE_OBJC_ARC = YES;
				CLANG_ENABLE_OBJC_WEAK = YES;
				CLANG_WARN_BLOCK_CAPTURE_AUTORELEASING = YES;
				CLANG_WARN_BOOL_CONVERSION = YES;
				CLANG_WARN_COMMA = YES;
				CLANG_WARN_CONSTANT_CONVERSION = YES;
				CLANG_WARN_DEPRECATED_OBJC_IMPLEMENTATIONS = YES;
				CLANG_WARN_DIRECT_OBJC_ISA_USAGE = YES_ERROR;
				CLANG_WARN_DOCUMENTATION_COMMENTS = YES;
				CLANG_WARN_EMPTY_BODY = YES;
				CLANG_WARN_ENUM_CONVERSION = YES;
				CLANG_WARN_INFINITE_RECURSION = YES;
				CLANG_WARN_INT_CONVERSION = YES;
				CLANG_WARN_NON_LITERAL_NULL_CONVERSION = YES;
				CLANG_WARN_OBJC_IMPLICIT_RETAIN_SELF = YES;
				CLANG_WARN_OBJC_LITERAL_CONVERSION = YES;
				CLANG_WARN_OBJC_ROOT_CLASS = YES_ERROR;
				CLANG_WARN_QUOTED_INCLUDE_IN_FRAMEWORK_HEADER = YES;
				CLANG_WARN_RANGE_LOOP_ANALYSIS = YES;
				CLANG_WARN_STRICT_PROTOTYPES = YES;
				CLANG_WARN_SUSPICIOUS_MOVE = YES;
				CLANG_WARN_UNGUARDED_AVAILABILITY = YES_AGGRESSIVE;
				CLANG_WARN_UNREACHABLE_CODE = YES;
				CLANG_WARN__DUPLICATE_METHOD_MATCH = YES;
				COPY_PHASE_STRIP = NO;
				DEBUG_INFORMATION_FORMAT = "dwarf-with-dsym";
				ENABLE_NS_ASSERTIONS = NO;
				ENABLE_STRICT_OBJC_MSGSEND = YES;
				GCC_C_LANGUAGE_STANDARD = gnu11;
				GCC_NO_COMMON_BLOCKS = YES;
				GCC_WARN_64_TO_32_BIT_CONVERSION = YES;
				GCC_WARN_ABOUT_RETURN_TYPE = YES_ERROR;
				GCC_WARN_UNDECLARED_SELECTOR = YES;
				GCC_WARN_UNINITIALIZED_AUTOS = YES_AGGRESSIVE;
				GCC_WARN_UNUSED_FUNCTION = YES;
				GCC_WARN_UNUSED_VARIABLE = YES;
				IPHONEOS_DEPLOYMENT_TARGET = 14.5;
				MTL_ENABLE_DEBUG_INFO = NO;
				MTL_FAST_MATH = YES;
				SDKROOT = iphoneos;
				SWIFT_COMPILATION_MODE = wholemodule;
				SWIFT_OPTIMIZATION_LEVEL = "-O";
				VALIDATE_PRODUCT = YES;
			};
			name = Release;
		};
		A10653A32702ABF500C11105 /* Debug */ = {
			isa = XCBuildConfiguration;
			buildSettings = {
				ASSETCATALOG_COMPILER_APPICON_NAME = AppIcon;
				ASSETCATALOG_COMPILER_GLOBAL_ACCENT_COLOR_NAME = AccentColor;
				CODE_SIGN_STYLE = Automatic;
				DEVELOPMENT_ASSET_PATHS = "\"LandmarksProject/Preview Content\"";
				DEVELOPMENT_TEAM = 35KVTA4YKJ;
				ENABLE_PREVIEWS = YES;
				INFOPLIST_FILE = LandmarksProject/Info.plist;
				IPHONEOS_DEPLOYMENT_TARGET = 14.0;
				LD_RUNPATH_SEARCH_PATHS = (
					"$(inherited)",
					"@executable_path/Frameworks",
				);
				PRODUCT_BUNDLE_IDENTIFIER = selcukbaki.LandmarksProject;
				PRODUCT_NAME = "$(TARGET_NAME)";
				SWIFT_VERSION = 5.0;
				TARGETED_DEVICE_FAMILY = "1,2";
			};
			name = Debug;
		};
		A10653A42702ABF500C11105 /* Release */ = {
			isa = XCBuildConfiguration;
			buildSettings = {
				ASSETCATALOG_COMPILER_APPICON_NAME = AppIcon;
				ASSETCATALOG_COMPILER_GLOBAL_ACCENT_COLOR_NAME = AccentColor;
				CODE_SIGN_STYLE = Automatic;
				DEVELOPMENT_ASSET_PATHS = "\"LandmarksProject/Preview Content\"";
				DEVELOPMENT_TEAM = 35KVTA4YKJ;
				ENABLE_PREVIEWS = YES;
				INFOPLIST_FILE = LandmarksProject/Info.plist;
				IPHONEOS_DEPLOYMENT_TARGET = 14.0;
				LD_RUNPATH_SEARCH_PATHS = (
					"$(inherited)",
					"@executable_path/Frameworks",
				);
				PRODUCT_BUNDLE_IDENTIFIER = selcukbaki.LandmarksProject;
				PRODUCT_NAME = "$(TARGET_NAME)";
				SWIFT_VERSION = 5.0;
				TARGETED_DEVICE_FAMILY = "1,2";
			};
			name = Release;
		};
/* End XCBuildConfiguration section */

/* Begin XCConfigurationList section */
		A106538E2702ABF100C11105 /* Build configuration list for PBXProject "LandmarksProject" */ = {
			isa = XCConfigurationList;
			buildConfigurations = (
				A10653A02702ABF500C11105 /* Debug */,
				A10653A12702ABF500C11105 /* Release */,
			);
			defaultConfigurationIsVisible = 0;
			defaultConfigurationName = Release;
		};
		A10653A22702ABF500C11105 /* Build configuration list for PBXNativeTarget "LandmarksProject" */ = {
			isa = XCConfigurationList;
			buildConfigurations = (
				A10653A32702ABF500C11105 /* Debug */,
				A10653A42702ABF500C11105 /* Release */,
			);
			defaultConfigurationIsVisible = 0;
			defaultConfigurationName = Release;
		};
/* End XCConfigurationList section */
	};
	rootObject = A106538B2702ABF100C11105 /* Project object */;
}
